
Microsoft Visual Studio Solution File, Format Version 12.00
# Visual Studio Version 17
VisualStudioVersion = 17.7.34221.43
MinimumVisualStudioVersion = 10.0.40219.1
Project("{9A19103F-16F7-4668-BE54-9A1E7A4F7556}") = "Contracts", "Contracts\Contracts.csproj", "{D3D8C781-8219-4B49-8678-1B389AD26C76}"
EndProject
Project("{9A19103F-16F7-4668-BE54-9A1E7A4F7556}") = "Services", "Services\Services.csproj", "{5A9B1B59-3CDF-483C-AFB3-EF0A7ACF3DB7}"
EndProject
Project("{9A19103F-16F7-4668-BE54-9A1E7A4F7556}") = "Service.Contracts", "Service.Contracts\Service.Contracts.csproj", "{EEE55EB7-E894-4F91-BF53-60D2AC7421E2}"
EndProject
Project("{9A19103F-16F7-4668-BE54-9A1E7A4F7556}") = "Shared", "Shared\Shared.csproj", "{DC62C999-EF18-49CD-BD6E-3B45ECF970DB}"
EndProject
Project("{9A19103F-16F7-4668-BE54-9A1E7A4F7556}") = "LoggerService", "LoggerService\LoggerService.csproj", "{E7ACF178-C4AF-4D1C-959C-3A0E3A5E4190}"
EndProject
Project("{9A19103F-16F7-4668-BE54-9A1E7A4F7556}") = "WebAPI", "WebAPI\WebAPI.csproj", "{52AE8C04-96CE-4FB1-A898-7BC12BFF8F77}"
EndProject
Project("{9A19103F-16F7-4668-BE54-9A1E7A4F7556}") = "Entity", "Entity\Entity.csproj", "{DA547D5A-FACF-4342-A5A5-76A887A62DB0}"
EndProject
Project("{9A19103F-16F7-4668-BE54-9A1E7A4F7556}") = "Repository", "Repository\Repository.csproj", "{35FCF9FD-F586-4849-80BB-54BC09163236}"
EndProject
Global
	GlobalSection(SolutionConfigurationPlatforms) = preSolution
		Debug|Any CPU = Debug|Any CPU
		Release|Any CPU = Release|Any CPU
	EndGlobalSection
	GlobalSection(ProjectConfigurationPlatforms) = postSolution
		{D3D8C781-8219-4B49-8678-1B389AD26C76}.Debug|Any CPU.ActiveCfg = Debug|Any CPU
		{D3D8C781-8219-4B49-8678-1B389AD26C76}.Debug|Any CPU.Build.0 = Debug|Any CPU
		{D3D8C781-8219-4B49-8678-1B389AD26C76}.Release|Any CPU.ActiveCfg = Release|Any CPU
		{D3D8C781-8219-4B49-8678-1B389AD26C76}.Release|Any CPU.Build.0 = Release|Any CPU
		{5A9B1B59-3CDF-483C-AFB3-EF0A7ACF3DB7}.Debug|Any CPU.ActiveCfg = Debug|Any CPU
		{5A9B1B59-3CDF-483C-AFB3-EF0A7ACF3DB7}.Debug|Any CPU.Build.0 = Debug|Any CPU
		{5A9B1B59-3CDF-483C-AFB3-EF0A7ACF3DB7}.Release|Any CPU.ActiveCfg = Release|Any CPU
		{5A9B1B59-3CDF-483C-AFB3-EF0A7ACF3DB7}.Release|Any CPU.Build.0 = Release|Any CPU
		{EEE55EB7-E894-4F91-BF53-60D2AC7421E2}.Debug|Any CPU.ActiveCfg = Debug|Any CPU
		{EEE55EB7-E894-4F91-BF53-60D2AC7421E2}.Debug|Any CPU.Build.0 = Debug|Any CPU
		{EEE55EB7-E894-4F91-BF53-60D2AC7421E2}.Release|Any CPU.ActiveCfg = Release|Any CPU
		{EEE55EB7-E894-4F91-BF53-60D2AC7421E2}.Release|Any CPU.Build.0 = Release|Any CPU
		{DC62C999-EF18-49CD-BD6E-3B45ECF970DB}.Debug|Any CPU.ActiveCfg = Debug|Any CPU
		{DC62C999-EF18-49CD-BD6E-3B45ECF970DB}.Debug|Any CPU.Build.0 = Debug|Any CPU
		{DC62C999-EF18-49CD-BD6E-3B45ECF970DB}.Release|Any CPU.ActiveCfg = Release|Any CPU
		{DC62C999-EF18-49CD-BD6E-3B45ECF970DB}.Release|Any CPU.Build.0 = Release|Any CPU
		{E7ACF178-C4AF-4D1C-959C-3A0E3A5E4190}.Debug|Any CPU.ActiveCfg = Debug|Any CPU
		{E7ACF178-C4AF-4D1C-959C-3A0E3A5E4190}.Debug|Any CPU.Build.0 = Debug|Any CPU
		{E7ACF178-C4AF-4D1C-959C-3A0E3A5E4190}.Release|Any CPU.ActiveCfg = Release|Any CPU
		{E7ACF178-C4AF-4D1C-959C-3A0E3A5E4190}.Release|Any CPU.Build.0 = Release|Any CPU
		{52AE8C04-96CE-4FB1-A898-7BC12BFF8F77}.Debug|Any CPU.ActiveCfg = Debug|Any CPU
		{52AE8C04-96CE-4FB1-A898-7BC12BFF8F77}.Debug|Any CPU.Build.0 = Debug|Any CPU
		{52AE8C04-96CE-4FB1-A898-7BC12BFF8F77}.Release|Any CPU.ActiveCfg = Release|Any CPU
		{52AE8C04-96CE-4FB1-A898-7BC12BFF8F77}.Release|Any CPU.Build.0 = Release|Any CPU
		{DA547D5A-FACF-4342-A5A5-76A887A62DB0}.Debug|Any CPU.ActiveCfg = Debug|Any CPU
		{DA547D5A-FACF-4342-A5A5-76A887A62DB0}.Debug|Any CPU.Build.0 = Debug|Any CPU
		{DA547D5A-FACF-4342-A5A5-76A887A62DB0}.Release|Any CPU.ActiveCfg = Release|Any CPU
		{DA547D5A-FACF-4342-A5A5-76A887A62DB0}.Release|Any CPU.Build.0 = Release|Any CPU
		{35FCF9FD-F586-4849-80BB-54BC09163236}.Debug|Any CPU.ActiveCfg = Debug|Any CPU
		{35FCF9FD-F586-4849-80BB-54BC09163236}.Debug|Any CPU.Build.0 = Debug|Any CPU
		{35FCF9FD-F586-4849-80BB-54BC09163236}.Release|Any CPU.ActiveCfg = Release|Any CPU
		{35FCF9FD-F586-4849-80BB-54BC09163236}.Release|Any CPU.Build.0 = Release|Any CPU
	EndGlobalSection
	GlobalSection(SolutionProperties) = preSolution
		HideSolutionNode = FALSE
	EndGlobalSection
	GlobalSection(ExtensibilityGlobals) = postSolution
		SolutionGuid = {C41A0A47-5022-4516-9F4C-C68DB87298BA}
	EndGlobalSection
EndGlobal
