
Microsoft Visual Studio Solution File, Format Version 12.00
# Visual Studio Version 17
VisualStudioVersion = 17.7.34221.43
MinimumVisualStudioVersion = 10.0.40219.1
Project("{9A19103F-16F7-4668-BE54-9A1E7A4F7556}") = "WebAPI", "WebAPI\WebAPI.csproj", "{58FA3230-E15C-435B-9409-4B7FD6C8E6AE}"
EndProject
Project("{9A19103F-16F7-4668-BE54-9A1E7A4F7556}") = "Services", "Services\Services.csproj", "{C1AC134B-B5BC-4BCA-AA02-481576172845}"
EndProject
Project("{9A19103F-16F7-4668-BE54-9A1E7A4F7556}") = "Shared", "Shared\Shared.csproj", "{E06E7AC9-9B39-41DC-9549-6B5BE7E430AB}"
EndProject
Project("{9A19103F-16F7-4668-BE54-9A1E7A4F7556}") = "App.Test", "App.Test\App.Test.csproj", "{1313226D-0D97-40CB-BC5E-19E4EEA02B42}"
EndProject
Project("{9A19103F-16F7-4668-BE54-9A1E7A4F7556}") = "Helper", "Helper\Helper.csproj", "{5110D18C-9549-4913-A275-65DF6582F557}"
EndProject
Project("{9A19103F-16F7-4668-BE54-9A1E7A4F7556}") = "Service.Contracts", "Service.Contracts\Service.Contracts.csproj", "{C657014E-BE58-4EB9-982C-5D365FD615D8}"
EndProject
Project("{9A19103F-16F7-4668-BE54-9A1E7A4F7556}") = "Entity", "Entity\Entity.csproj", "{A780A80F-2055-4FE3-B1EA-CC4E694FA540}"
EndProject
Project("{9A19103F-16F7-4668-BE54-9A1E7A4F7556}") = "Contracts", "Contracts\Contracts.csproj", "{F4259470-6F02-420A-A0EC-B497B21793D4}"
EndProject
Project("{9A19103F-16F7-4668-BE54-9A1E7A4F7556}") = "Config", "Config\Config.csproj", "{160ABFC5-987D-41D8-8D17-1478F44AA1A3}"
EndProject
Project("{9A19103F-16F7-4668-BE54-9A1E7A4F7556}") = "Controller.Test", "Controller.Test\Controller.Test.csproj", "{0DF131C0-87C7-4406-A3FE-5CEBCF97F9E1}"
EndProject
Project("{9A19103F-16F7-4668-BE54-9A1E7A4F7556}") = "LoggerService", "LoggerService\LoggerService.csproj", "{296C1CF9-D06C-4759-9CAC-AAC3FB7BA55B}"
EndProject
Project("{9A19103F-16F7-4668-BE54-9A1E7A4F7556}") = "Repository", "Repository\Repository.csproj", "{7AC27C2F-31FE-4FAF-BF14-E95D9ED7979B}"
EndProject
Global
	GlobalSection(SolutionConfigurationPlatforms) = preSolution
		Debug|Any CPU = Debug|Any CPU
		Release|Any CPU = Release|Any CPU
	EndGlobalSection
	GlobalSection(ProjectConfigurationPlatforms) = postSolution
		{58FA3230-E15C-435B-9409-4B7FD6C8E6AE}.Debug|Any CPU.ActiveCfg = Debug|Any CPU
		{58FA3230-E15C-435B-9409-4B7FD6C8E6AE}.Debug|Any CPU.Build.0 = Debug|Any CPU
		{58FA3230-E15C-435B-9409-4B7FD6C8E6AE}.Release|Any CPU.ActiveCfg = Release|Any CPU
		{58FA3230-E15C-435B-9409-4B7FD6C8E6AE}.Release|Any CPU.Build.0 = Release|Any CPU
		{C1AC134B-B5BC-4BCA-AA02-481576172845}.Debug|Any CPU.ActiveCfg = Debug|Any CPU
		{C1AC134B-B5BC-4BCA-AA02-481576172845}.Debug|Any CPU.Build.0 = Debug|Any CPU
		{C1AC134B-B5BC-4BCA-AA02-481576172845}.Release|Any CPU.ActiveCfg = Release|Any CPU
		{C1AC134B-B5BC-4BCA-AA02-481576172845}.Release|Any CPU.Build.0 = Release|Any CPU
		{E06E7AC9-9B39-41DC-9549-6B5BE7E430AB}.Debug|Any CPU.ActiveCfg = Debug|Any CPU
		{E06E7AC9-9B39-41DC-9549-6B5BE7E430AB}.Debug|Any CPU.Build.0 = Debug|Any CPU
		{E06E7AC9-9B39-41DC-9549-6B5BE7E430AB}.Release|Any CPU.ActiveCfg = Release|Any CPU
		{E06E7AC9-9B39-41DC-9549-6B5BE7E430AB}.Release|Any CPU.Build.0 = Release|Any CPU
		{1313226D-0D97-40CB-BC5E-19E4EEA02B42}.Debug|Any CPU.ActiveCfg = Debug|Any CPU
		{1313226D-0D97-40CB-BC5E-19E4EEA02B42}.Debug|Any CPU.Build.0 = Debug|Any CPU
		{1313226D-0D97-40CB-BC5E-19E4EEA02B42}.Release|Any CPU.ActiveCfg = Release|Any CPU
		{1313226D-0D97-40CB-BC5E-19E4EEA02B42}.Release|Any CPU.Build.0 = Release|Any CPU
		{5110D18C-9549-4913-A275-65DF6582F557}.Debug|Any CPU.ActiveCfg = Debug|Any CPU
		{5110D18C-9549-4913-A275-65DF6582F557}.Debug|Any CPU.Build.0 = Debug|Any CPU
		{5110D18C-9549-4913-A275-65DF6582F557}.Release|Any CPU.ActiveCfg = Release|Any CPU
		{5110D18C-9549-4913-A275-65DF6582F557}.Release|Any CPU.Build.0 = Release|Any CPU
		{C657014E-BE58-4EB9-982C-5D365FD615D8}.Debug|Any CPU.ActiveCfg = Debug|Any CPU
		{C657014E-BE58-4EB9-982C-5D365FD615D8}.Debug|Any CPU.Build.0 = Debug|Any CPU
		{C657014E-BE58-4EB9-982C-5D365FD615D8}.Release|Any CPU.ActiveCfg = Release|Any CPU
		{C657014E-BE58-4EB9-982C-5D365FD615D8}.Release|Any CPU.Build.0 = Release|Any CPU
		{A780A80F-2055-4FE3-B1EA-CC4E694FA540}.Debug|Any CPU.ActiveCfg = Debug|Any CPU
		{A780A80F-2055-4FE3-B1EA-CC4E694FA540}.Debug|Any CPU.Build.0 = Debug|Any CPU
		{A780A80F-2055-4FE3-B1EA-CC4E694FA540}.Release|Any CPU.ActiveCfg = Release|Any CPU
		{A780A80F-2055-4FE3-B1EA-CC4E694FA540}.Release|Any CPU.Build.0 = Release|Any CPU
		{F4259470-6F02-420A-A0EC-B497B21793D4}.Debug|Any CPU.ActiveCfg = Debug|Any CPU
		{F4259470-6F02-420A-A0EC-B497B21793D4}.Debug|Any CPU.Build.0 = Debug|Any CPU
		{F4259470-6F02-420A-A0EC-B497B21793D4}.Release|Any CPU.ActiveCfg = Release|Any CPU
		{F4259470-6F02-420A-A0EC-B497B21793D4}.Release|Any CPU.Build.0 = Release|Any CPU
		{160ABFC5-987D-41D8-8D17-1478F44AA1A3}.Debug|Any CPU.ActiveCfg = Debug|Any CPU
		{160ABFC5-987D-41D8-8D17-1478F44AA1A3}.Debug|Any CPU.Build.0 = Debug|Any CPU
		{160ABFC5-987D-41D8-8D17-1478F44AA1A3}.Release|Any CPU.ActiveCfg = Release|Any CPU
		{160ABFC5-987D-41D8-8D17-1478F44AA1A3}.Release|Any CPU.Build.0 = Release|Any CPU
		{0DF131C0-87C7-4406-A3FE-5CEBCF97F9E1}.Debug|Any CPU.ActiveCfg = Debug|Any CPU
		{0DF131C0-87C7-4406-A3FE-5CEBCF97F9E1}.Debug|Any CPU.Build.0 = Debug|Any CPU
		{0DF131C0-87C7-4406-A3FE-5CEBCF97F9E1}.Release|Any CPU.ActiveCfg = Release|Any CPU
		{0DF131C0-87C7-4406-A3FE-5CEBCF97F9E1}.Release|Any CPU.Build.0 = Release|Any CPU
		{296C1CF9-D06C-4759-9CAC-AAC3FB7BA55B}.Debug|Any CPU.ActiveCfg = Debug|Any CPU
		{296C1CF9-D06C-4759-9CAC-AAC3FB7BA55B}.Debug|Any CPU.Build.0 = Debug|Any CPU
		{296C1CF9-D06C-4759-9CAC-AAC3FB7BA55B}.Release|Any CPU.ActiveCfg = Release|Any CPU
		{296C1CF9-D06C-4759-9CAC-AAC3FB7BA55B}.Release|Any CPU.Build.0 = Release|Any CPU
		{7AC27C2F-31FE-4FAF-BF14-E95D9ED7979B}.Debug|Any CPU.ActiveCfg = Debug|Any CPU
		{7AC27C2F-31FE-4FAF-BF14-E95D9ED7979B}.Debug|Any CPU.Build.0 = Debug|Any CPU
		{7AC27C2F-31FE-4FAF-BF14-E95D9ED7979B}.Release|Any CPU.ActiveCfg = Release|Any CPU
		{7AC27C2F-31FE-4FAF-BF14-E95D9ED7979B}.Release|Any CPU.Build.0 = Release|Any CPU
	EndGlobalSection
	GlobalSection(SolutionProperties) = preSolution
		HideSolutionNode = FALSE
	EndGlobalSection
	GlobalSection(ExtensibilityGlobals) = postSolution
		SolutionGuid = {C41A0A47-5022-4516-9F4C-C68DB87298BA}
	EndGlobalSection
EndGlobal
